
Microsoft Visual Studio Solution File, Format Version 12.00
# Visual Studio Version 16
VisualStudioVersion = 16.0.29009.5
MinimumVisualStudioVersion = 10.0.40219.1
Project("{FAE04EC0-301F-11D3-BF4B-00C04F79EFBC}") = "Test_Container_ASPMVC", "Test_Container_ASPMVC\Test_Container_ASPMVC.csproj", "{F75ADE3C-193A-4F8C-8058-5D7E7E4B5012}"
EndProject
Project("{E53339B2-1760-4266-BCC7-CA923CBCF16C}") = "docker-compose", "docker-compose.dcproj", "{F194B0EA-57D5-4B53-9FA8-70BBA0752AFB}"
EndProject
Global
	GlobalSection(SolutionConfigurationPlatforms) = preSolution
		Debug|Any CPU = Debug|Any CPU
		Release|Any CPU = Release|Any CPU
	EndGlobalSection
	GlobalSection(ProjectConfigurationPlatforms) = postSolution
		{F75ADE3C-193A-4F8C-8058-5D7E7E4B5012}.Debug|Any CPU.ActiveCfg = Debug|Any CPU
		{F75ADE3C-193A-4F8C-8058-5D7E7E4B5012}.Debug|Any CPU.Build.0 = Debug|Any CPU
		{F75ADE3C-193A-4F8C-8058-5D7E7E4B5012}.Release|Any CPU.ActiveCfg = Release|Any CPU
		{F75ADE3C-193A-4F8C-8058-5D7E7E4B5012}.Release|Any CPU.Build.0 = Release|Any CPU
		{F194B0EA-57D5-4B53-9FA8-70BBA0752AFB}.Debug|Any CPU.ActiveCfg = Debug|Any CPU
		{F194B0EA-57D5-4B53-9FA8-70BBA0752AFB}.Debug|Any CPU.Build.0 = Debug|Any CPU
		{F194B0EA-57D5-4B53-9FA8-70BBA0752AFB}.Release|Any CPU.ActiveCfg = Release|Any CPU
		{F194B0EA-57D5-4B53-9FA8-70BBA0752AFB}.Release|Any CPU.Build.0 = Release|Any CPU
	EndGlobalSection
	GlobalSection(SolutionProperties) = preSolution
		HideSolutionNode = FALSE
	EndGlobalSection
	GlobalSection(ExtensibilityGlobals) = postSolution
		SolutionGuid = {3F9D03D7-036D-4F88-AD79-23EC985984A1}
	EndGlobalSection
EndGlobal
